
Microsoft Visual Studio Solution File, Format Version 12.00
# Visual Studio Version 17
VisualStudioVersion = 17.4.33213.308
MinimumVisualStudioVersion = 10.0.40219.1
Project("{9A19103F-16F7-4668-BE54-9A1E7A4F7556}") = "MDD4All.DME.App.Wpf", "MDD4All.DME.App.Wpf\src\MDD4All.DME.App.Wpf\MDD4All.DME.App.Wpf-dev.csproj", "{0BC3A119-7D73-448F-AB6A-107ACA8D8E0D}"
EndProject
Project("{2150E333-8FDC-42A3-9474-1A3956D46DE8}") = "1_App", "1_App", "{45070021-6E66-4D3F-ACE3-E0AA5CDE03A8}"
EndProject
Project("{2150E333-8FDC-42A3-9474-1A3956D46DE8}") = "2_Views", "2_Views", "{DD2856F0-9AE9-486F-9E0E-D4A0E7E964D9}"
EndProject
Project("{2150E333-8FDC-42A3-9474-1A3956D46DE8}") = "5_DataModels", "5_DataModels", "{79E485FD-6C93-4864-A01D-F9D626C93597}"
EndProject
Project("{9A19103F-16F7-4668-BE54-9A1E7A4F7556}") = "MDD4All.DME.ViewModels", "MDD4All.DME.ViewModels\src\MDD4All.DME.ViewModels\MDD4All.DME.ViewModels-dev.csproj", "{454CACE5-33E2-4B0F-B166-55D450328A9D}"
EndProject
Project("{9A19103F-16F7-4668-BE54-9A1E7A4F7556}") = "MDD4All.DME.Views", "MDD4All.DME.Views\src\MDD4All.DME.Views\MDD4All.DME.Views-dev.csproj", "{4959DCBE-BBDA-4B66-8385-25409C1DA781}"
EndProject
Project("{9A19103F-16F7-4668-BE54-9A1E7A4F7556}") = "MDD4All.DME.DataModels", "MDD4All.DME.DataModels\src\MDD4All.DME.DataModels\MDD4All.DME.DataModels-dev.csproj", "{D68A444F-A41F-4396-A96F-A951943540B4}"
EndProject
Project("{2150E333-8FDC-42A3-9474-1A3956D46DE8}") = "3_ViewModels", "3_ViewModels", "{2ADF70E6-2F53-4923-931E-358B21E08C63}"
EndProject
Project("{2150E333-8FDC-42A3-9474-1A3956D46DE8}") = "6_Services", "6_Services", "{E0831017-D48F-4AAC-B040-989FD93C6A42}"
EndProject
Project("{2150E333-8FDC-42A3-9474-1A3956D46DE8}") = "4_DataAccess", "4_DataAccess", "{02EA681E-C7D8-13C7-8484-4AC65E1B71E8}"
EndProject
Project("{2150E333-8FDC-42A3-9474-1A3956D46DE8}") = "8_SampleData", "8_SampleData", "{707982B8-DA09-4BA1-93E9-7ADD6467278C}"
EndProject
Project("{2150E333-8FDC-42A3-9474-1A3956D46DE8}") = "Projektmappenelemente", "Projektmappenelemente", "{84D27F74-D2BA-6C25-2661-968F101900D9}"
	ProjectSection(SolutionItems) = preProject
		..\.github\workflows\frontend-publish-snapshot.yml = ..\.github\workflows\frontend-publish-snapshot.yml
		..\.github\workflows\integration-dev-build.yml = ..\.github\workflows\integration-dev-build.yml
	EndProjectSection
EndProject
Project("{FAE04EC0-301F-11D3-BF4B-00C04F79EFBC}") = "MDD4All.DME.AssemblyTree", "MDD4All.DME.AssemblyTree\src\MDD4All.DME.AssemblyTree\MDD4All.DME.AssemblyTree-dev.csproj", "{B3EF10F4-22B3-7F3D-D11B-231B74697AEA}"
EndProject
Project("{FAE04EC0-301F-11D3-BF4B-00C04F79EFBC}") = "MDD4All.Reflection.TypeAnalyzer", "MDD4All.Reflection.TypeAnalyzer\src\MDD4All.Reflection.TypeAnalyzer\MDD4All.Reflection.TypeAnalyzer-dev.csproj", "{B2E167A7-7576-4EF7-8BDA-0DC4EB60CE28}"
EndProject
Project("{9A19103F-16F7-4668-BE54-9A1E7A4F7556}") = "MDD4All.UI.Blazor", "MDD4All.UI.Blazor\src\MDD4All.UI.Blazor\MDD4All.UI.Blazor-dev.csproj", "{33B8F00C-95CE-4A29-8A1B-0A1C44820C47}"
EndProject
Project("{FAE04EC0-301F-11D3-BF4B-00C04F79EFBC}") = "Synorvia.UI.BlazorComponents", "Synorvia.UI.BlazorComponents\src\Synorvia.UI.BlazorComponents\Synorvia.UI.BlazorComponents-dev.csproj", "{A59F3DFE-24BE-1CF0-B8A9-38EC3A0B64C9}"
EndProject
Project("{FAE04EC0-301F-11D3-BF4B-00C04F79EFBC}") = "MDD4All.DME.AssemblyLoading", "MDD4All.DME.AssemblyLoading\src\MDD4All.DME.AssemblyLoading\MDD4All.DME.AssemblyLoading-dev.csproj", "{BF18D98C-15CF-A59F-ECCC-0871E646FE63}"
EndProject
Project("{FAE04EC0-301F-11D3-BF4B-00C04F79EFBC}") = "MDD4All.DME.Proxies", "MDD4All.DME.Proxies\src\MDD4All.DME.Proxies\MDD4All.DME.Proxies-dev.csproj", "{206681C9-01FC-4AEF-1B14-922D83B3ECF4}"
EndProject
Project("{FAE04EC0-301F-11D3-BF4B-00C04F79EFBC}") = "Synorvia.UI.DataModels", "Synorvia.UI.DataModels\src\Synorvia.UI.DataModels\Synorvia.UI.DataModels-dev.csproj", "{BF4F7AB5-DF8C-EC99-5152-E0C1AF75185F}"
EndProject
Project("{FAE04EC0-301F-11D3-BF4B-00C04F79EFBC}") = "MDD4All.AssemblyLoading.Contracts", "MDD4All.AssemblyLoading.Contracts\src\MDD4All.AssemblyLoading.Contracts\MDD4All.AssemblyLoading.Contracts-dev.csproj", "{47EB48B3-6E70-032E-0572-D6152C1758B9}"
EndProject
Project("{FAE04EC0-301F-11D3-BF4B-00C04F79EFBC}") = "MDD4All.Configuration", "MDD4All.Configuration\src\MDD4All.Configuration\MDD4All.Configuration-dev.csproj", "{43E2CC4A-0694-2990-D340-ECF93B4E06AB}"
EndProject
Project("{FAE04EC0-301F-11D3-BF4B-00C04F79EFBC}") = "Synorvia.FileAccess.Contracts", "Synorvia.FileAccess.Contracts\src\Synorvia.FileAccess.Contracts\Synorvia.FileAccess.Contracts-dev.csproj", "{66FB7F62-FF60-9793-DD30-07BDB0B2DE8D}"
EndProject
Project("{FAE04EC0-301F-11D3-BF4B-00C04F79EFBC}") = "Synorvia.FileAccess.WPF", "Synorvia.FileAccess.WPF\src\Synorvia.FileAccess.WPF\Synorvia.FileAccess.WPF-dev.csproj", "{450943A7-CDC2-C24D-236B-0C3E41FB6628}"
EndProject
Project("{FAE04EC0-301F-11D3-BF4B-00C04F79EFBC}") = "MDD4All.Localization", "MDD4All.Localization\src\MDD4All.Localization\MDD4All.Localization-dev.csproj", "{0921CA2D-427C-0BA7-F0B3-2EAAFCA2AF9A}"
EndProject
Project("{FAE04EC0-301F-11D3-BF4B-00C04F79EFBC}") = "MDD4All.DME.DataAccess", "MDD4All.DME.DataAccess\src\MDD4All.DME.DataAccess\MDD4All.DME.DataAccess-dev.csproj", "{2D26664E-9481-4150-A96A-9468C698F92F}"
EndProject
Project("{FAE04EC0-301F-11D3-BF4B-00C04F79EFBC}") = "MDD4All.Person.DataModels", "MDD4All.Person.DataModels\src\MDD4All.Person.DataModels\MDD4All.Person.DataModels-dev.csproj", "{8F912245-715F-4562-A853-0B991F3E977E}"
EndProject
Global
	GlobalSection(SolutionConfigurationPlatforms) = preSolution
		Debug|Any CPU = Debug|Any CPU
		Debug|x64 = Debug|x64
		Debug|x86 = Debug|x86
		Release|Any CPU = Release|Any CPU
		Release|x64 = Release|x64
		Release|x86 = Release|x86
	EndGlobalSection
	GlobalSection(ProjectConfigurationPlatforms) = postSolution
		{0BC3A119-7D73-448F-AB6A-107ACA8D8E0D}.Debug|Any CPU.ActiveCfg = Debug|Any CPU
		{0BC3A119-7D73-448F-AB6A-107ACA8D8E0D}.Debug|Any CPU.Build.0 = Debug|Any CPU
		{0BC3A119-7D73-448F-AB6A-107ACA8D8E0D}.Debug|x64.ActiveCfg = Debug|Any CPU
		{0BC3A119-7D73-448F-AB6A-107ACA8D8E0D}.Debug|x64.Build.0 = Debug|Any CPU
		{0BC3A119-7D73-448F-AB6A-107ACA8D8E0D}.Debug|x86.ActiveCfg = Debug|Any CPU
		{0BC3A119-7D73-448F-AB6A-107ACA8D8E0D}.Debug|x86.Build.0 = Debug|Any CPU
		{0BC3A119-7D73-448F-AB6A-107ACA8D8E0D}.Release|Any CPU.ActiveCfg = Release|Any CPU
		{0BC3A119-7D73-448F-AB6A-107ACA8D8E0D}.Release|Any CPU.Build.0 = Release|Any CPU
		{0BC3A119-7D73-448F-AB6A-107ACA8D8E0D}.Release|x64.ActiveCfg = Release|Any CPU
		{0BC3A119-7D73-448F-AB6A-107ACA8D8E0D}.Release|x64.Build.0 = Release|Any CPU
		{0BC3A119-7D73-448F-AB6A-107ACA8D8E0D}.Release|x86.ActiveCfg = Release|Any CPU
		{0BC3A119-7D73-448F-AB6A-107ACA8D8E0D}.Release|x86.Build.0 = Release|Any CPU
		{454CACE5-33E2-4B0F-B166-55D450328A9D}.Debug|Any CPU.ActiveCfg = Debug|Any CPU
		{454CACE5-33E2-4B0F-B166-55D450328A9D}.Debug|Any CPU.Build.0 = Debug|Any CPU
		{454CACE5-33E2-4B0F-B166-55D450328A9D}.Debug|x64.ActiveCfg = Debug|Any CPU
		{454CACE5-33E2-4B0F-B166-55D450328A9D}.Debug|x64.Build.0 = Debug|Any CPU
		{454CACE5-33E2-4B0F-B166-55D450328A9D}.Debug|x86.ActiveCfg = Debug|Any CPU
		{454CACE5-33E2-4B0F-B166-55D450328A9D}.Debug|x86.Build.0 = Debug|Any CPU
		{454CACE5-33E2-4B0F-B166-55D450328A9D}.Release|Any CPU.ActiveCfg = Release|Any CPU
		{454CACE5-33E2-4B0F-B166-55D450328A9D}.Release|Any CPU.Build.0 = Release|Any CPU
		{454CACE5-33E2-4B0F-B166-55D450328A9D}.Release|x64.ActiveCfg = Release|Any CPU
		{454CACE5-33E2-4B0F-B166-55D450328A9D}.Release|x64.Build.0 = Release|Any CPU
		{454CACE5-33E2-4B0F-B166-55D450328A9D}.Release|x86.ActiveCfg = Release|Any CPU
		{454CACE5-33E2-4B0F-B166-55D450328A9D}.Release|x86.Build.0 = Release|Any CPU
		{4959DCBE-BBDA-4B66-8385-25409C1DA781}.Debug|Any CPU.ActiveCfg = Debug|Any CPU
		{4959DCBE-BBDA-4B66-8385-25409C1DA781}.Debug|Any CPU.Build.0 = Debug|Any CPU
		{4959DCBE-BBDA-4B66-8385-25409C1DA781}.Debug|x64.ActiveCfg = Debug|Any CPU
		{4959DCBE-BBDA-4B66-8385-25409C1DA781}.Debug|x64.Build.0 = Debug|Any CPU
		{4959DCBE-BBDA-4B66-8385-25409C1DA781}.Debug|x86.ActiveCfg = Debug|Any CPU
		{4959DCBE-BBDA-4B66-8385-25409C1DA781}.Debug|x86.Build.0 = Debug|Any CPU
		{4959DCBE-BBDA-4B66-8385-25409C1DA781}.Release|Any CPU.ActiveCfg = Release|Any CPU
		{4959DCBE-BBDA-4B66-8385-25409C1DA781}.Release|Any CPU.Build.0 = Release|Any CPU
		{4959DCBE-BBDA-4B66-8385-25409C1DA781}.Release|x64.ActiveCfg = Release|Any CPU
		{4959DCBE-BBDA-4B66-8385-25409C1DA781}.Release|x64.Build.0 = Release|Any CPU
		{4959DCBE-BBDA-4B66-8385-25409C1DA781}.Release|x86.ActiveCfg = Release|Any CPU
		{4959DCBE-BBDA-4B66-8385-25409C1DA781}.Release|x86.Build.0 = Release|Any CPU
		{D68A444F-A41F-4396-A96F-A951943540B4}.Debug|Any CPU.ActiveCfg = Debug|Any CPU
		{D68A444F-A41F-4396-A96F-A951943540B4}.Debug|Any CPU.Build.0 = Debug|Any CPU
		{D68A444F-A41F-4396-A96F-A951943540B4}.Debug|x64.ActiveCfg = Debug|Any CPU
		{D68A444F-A41F-4396-A96F-A951943540B4}.Debug|x64.Build.0 = Debug|Any CPU
		{D68A444F-A41F-4396-A96F-A951943540B4}.Debug|x86.ActiveCfg = Debug|Any CPU
		{D68A444F-A41F-4396-A96F-A951943540B4}.Debug|x86.Build.0 = Debug|Any CPU
		{D68A444F-A41F-4396-A96F-A951943540B4}.Release|Any CPU.ActiveCfg = Release|Any CPU
		{D68A444F-A41F-4396-A96F-A951943540B4}.Release|Any CPU.Build.0 = Release|Any CPU
		{D68A444F-A41F-4396-A96F-A951943540B4}.Release|x64.ActiveCfg = Release|Any CPU
		{D68A444F-A41F-4396-A96F-A951943540B4}.Release|x64.Build.0 = Release|Any CPU
		{D68A444F-A41F-4396-A96F-A951943540B4}.Release|x86.ActiveCfg = Release|Any CPU
		{D68A444F-A41F-4396-A96F-A951943540B4}.Release|x86.Build.0 = Release|Any CPU
		{B3EF10F4-22B3-7F3D-D11B-231B74697AEA}.Debug|Any CPU.ActiveCfg = Debug|Any CPU
		{B3EF10F4-22B3-7F3D-D11B-231B74697AEA}.Debug|Any CPU.Build.0 = Debug|Any CPU
		{B3EF10F4-22B3-7F3D-D11B-231B74697AEA}.Debug|x64.ActiveCfg = Debug|Any CPU
		{B3EF10F4-22B3-7F3D-D11B-231B74697AEA}.Debug|x64.Build.0 = Debug|Any CPU
		{B3EF10F4-22B3-7F3D-D11B-231B74697AEA}.Debug|x86.ActiveCfg = Debug|Any CPU
		{B3EF10F4-22B3-7F3D-D11B-231B74697AEA}.Debug|x86.Build.0 = Debug|Any CPU
		{B3EF10F4-22B3-7F3D-D11B-231B74697AEA}.Release|Any CPU.ActiveCfg = Release|Any CPU
		{B3EF10F4-22B3-7F3D-D11B-231B74697AEA}.Release|Any CPU.Build.0 = Release|Any CPU
		{B3EF10F4-22B3-7F3D-D11B-231B74697AEA}.Release|x64.ActiveCfg = Release|Any CPU
		{B3EF10F4-22B3-7F3D-D11B-231B74697AEA}.Release|x64.Build.0 = Release|Any CPU
		{B3EF10F4-22B3-7F3D-D11B-231B74697AEA}.Release|x86.ActiveCfg = Release|Any CPU
		{B3EF10F4-22B3-7F3D-D11B-231B74697AEA}.Release|x86.Build.0 = Release|Any CPU
		{B2E167A7-7576-4EF7-8BDA-0DC4EB60CE28}.Debug|Any CPU.ActiveCfg = Debug|Any CPU
		{B2E167A7-7576-4EF7-8BDA-0DC4EB60CE28}.Debug|Any CPU.Build.0 = Debug|Any CPU
		{B2E167A7-7576-4EF7-8BDA-0DC4EB60CE28}.Debug|x64.ActiveCfg = Debug|Any CPU
		{B2E167A7-7576-4EF7-8BDA-0DC4EB60CE28}.Debug|x64.Build.0 = Debug|Any CPU
		{B2E167A7-7576-4EF7-8BDA-0DC4EB60CE28}.Debug|x86.ActiveCfg = Debug|Any CPU
		{B2E167A7-7576-4EF7-8BDA-0DC4EB60CE28}.Debug|x86.Build.0 = Debug|Any CPU
		{B2E167A7-7576-4EF7-8BDA-0DC4EB60CE28}.Release|Any CPU.ActiveCfg = Release|Any CPU
		{B2E167A7-7576-4EF7-8BDA-0DC4EB60CE28}.Release|Any CPU.Build.0 = Release|Any CPU
		{B2E167A7-7576-4EF7-8BDA-0DC4EB60CE28}.Release|x64.ActiveCfg = Release|Any CPU
		{B2E167A7-7576-4EF7-8BDA-0DC4EB60CE28}.Release|x64.Build.0 = Release|Any CPU
		{B2E167A7-7576-4EF7-8BDA-0DC4EB60CE28}.Release|x86.ActiveCfg = Release|Any CPU
		{B2E167A7-7576-4EF7-8BDA-0DC4EB60CE28}.Release|x86.Build.0 = Release|Any CPU
		{33B8F00C-95CE-4A29-8A1B-0A1C44820C47}.Debug|Any CPU.ActiveCfg = Debug|Any CPU
		{33B8F00C-95CE-4A29-8A1B-0A1C44820C47}.Debug|Any CPU.Build.0 = Debug|Any CPU
		{33B8F00C-95CE-4A29-8A1B-0A1C44820C47}.Debug|x64.ActiveCfg = Debug|Any CPU
		{33B8F00C-95CE-4A29-8A1B-0A1C44820C47}.Debug|x64.Build.0 = Debug|Any CPU
		{33B8F00C-95CE-4A29-8A1B-0A1C44820C47}.Debug|x86.ActiveCfg = Debug|Any CPU
		{33B8F00C-95CE-4A29-8A1B-0A1C44820C47}.Debug|x86.Build.0 = Debug|Any CPU
		{33B8F00C-95CE-4A29-8A1B-0A1C44820C47}.Release|Any CPU.ActiveCfg = Release|Any CPU
		{33B8F00C-95CE-4A29-8A1B-0A1C44820C47}.Release|Any CPU.Build.0 = Release|Any CPU
		{33B8F00C-95CE-4A29-8A1B-0A1C44820C47}.Release|x64.ActiveCfg = Release|Any CPU
		{33B8F00C-95CE-4A29-8A1B-0A1C44820C47}.Release|x64.Build.0 = Release|Any CPU
		{33B8F00C-95CE-4A29-8A1B-0A1C44820C47}.Release|x86.ActiveCfg = Release|Any CPU
		{33B8F00C-95CE-4A29-8A1B-0A1C44820C47}.Release|x86.Build.0 = Release|Any CPU
		{A59F3DFE-24BE-1CF0-B8A9-38EC3A0B64C9}.Debug|Any CPU.ActiveCfg = Debug|Any CPU
		{A59F3DFE-24BE-1CF0-B8A9-38EC3A0B64C9}.Debug|Any CPU.Build.0 = Debug|Any CPU
		{A59F3DFE-24BE-1CF0-B8A9-38EC3A0B64C9}.Debug|x64.ActiveCfg = Debug|Any CPU
		{A59F3DFE-24BE-1CF0-B8A9-38EC3A0B64C9}.Debug|x64.Build.0 = Debug|Any CPU
		{A59F3DFE-24BE-1CF0-B8A9-38EC3A0B64C9}.Debug|x86.ActiveCfg = Debug|Any CPU
		{A59F3DFE-24BE-1CF0-B8A9-38EC3A0B64C9}.Debug|x86.Build.0 = Debug|Any CPU
		{A59F3DFE-24BE-1CF0-B8A9-38EC3A0B64C9}.Release|Any CPU.ActiveCfg = Release|Any CPU
		{A59F3DFE-24BE-1CF0-B8A9-38EC3A0B64C9}.Release|Any CPU.Build.0 = Release|Any CPU
		{A59F3DFE-24BE-1CF0-B8A9-38EC3A0B64C9}.Release|x64.ActiveCfg = Release|Any CPU
		{A59F3DFE-24BE-1CF0-B8A9-38EC3A0B64C9}.Release|x64.Build.0 = Release|Any CPU
		{A59F3DFE-24BE-1CF0-B8A9-38EC3A0B64C9}.Release|x86.ActiveCfg = Release|Any CPU
		{A59F3DFE-24BE-1CF0-B8A9-38EC3A0B64C9}.Release|x86.Build.0 = Release|Any CPU
		{BF18D98C-15CF-A59F-ECCC-0871E646FE63}.Debug|Any CPU.ActiveCfg = Debug|Any CPU
		{BF18D98C-15CF-A59F-ECCC-0871E646FE63}.Debug|Any CPU.Build.0 = Debug|Any CPU
		{BF18D98C-15CF-A59F-ECCC-0871E646FE63}.Debug|x64.ActiveCfg = Debug|Any CPU
		{BF18D98C-15CF-A59F-ECCC-0871E646FE63}.Debug|x64.Build.0 = Debug|Any CPU
		{BF18D98C-15CF-A59F-ECCC-0871E646FE63}.Debug|x86.ActiveCfg = Debug|Any CPU
		{BF18D98C-15CF-A59F-ECCC-0871E646FE63}.Debug|x86.Build.0 = Debug|Any CPU
		{BF18D98C-15CF-A59F-ECCC-0871E646FE63}.Release|Any CPU.ActiveCfg = Release|Any CPU
		{BF18D98C-15CF-A59F-ECCC-0871E646FE63}.Release|Any CPU.Build.0 = Release|Any CPU
		{BF18D98C-15CF-A59F-ECCC-0871E646FE63}.Release|x64.ActiveCfg = Release|Any CPU
		{BF18D98C-15CF-A59F-ECCC-0871E646FE63}.Release|x64.Build.0 = Release|Any CPU
		{BF18D98C-15CF-A59F-ECCC-0871E646FE63}.Release|x86.ActiveCfg = Release|Any CPU
		{BF18D98C-15CF-A59F-ECCC-0871E646FE63}.Release|x86.Build.0 = Release|Any CPU
		{206681C9-01FC-4AEF-1B14-922D83B3ECF4}.Debug|Any CPU.ActiveCfg = Debug|Any CPU
		{206681C9-01FC-4AEF-1B14-922D83B3ECF4}.Debug|Any CPU.Build.0 = Debug|Any CPU
		{206681C9-01FC-4AEF-1B14-922D83B3ECF4}.Debug|x64.ActiveCfg = Debug|Any CPU
		{206681C9-01FC-4AEF-1B14-922D83B3ECF4}.Debug|x64.Build.0 = Debug|Any CPU
		{206681C9-01FC-4AEF-1B14-922D83B3ECF4}.Debug|x86.ActiveCfg = Debug|Any CPU
		{206681C9-01FC-4AEF-1B14-922D83B3ECF4}.Debug|x86.Build.0 = Debug|Any CPU
		{206681C9-01FC-4AEF-1B14-922D83B3ECF4}.Release|Any CPU.ActiveCfg = Release|Any CPU
		{206681C9-01FC-4AEF-1B14-922D83B3ECF4}.Release|Any CPU.Build.0 = Release|Any CPU
		{206681C9-01FC-4AEF-1B14-922D83B3ECF4}.Release|x64.ActiveCfg = Release|Any CPU
		{206681C9-01FC-4AEF-1B14-922D83B3ECF4}.Release|x64.Build.0 = Release|Any CPU
		{206681C9-01FC-4AEF-1B14-922D83B3ECF4}.Release|x86.ActiveCfg = Release|Any CPU
		{206681C9-01FC-4AEF-1B14-922D83B3ECF4}.Release|x86.Build.0 = Release|Any CPU
		{BF4F7AB5-DF8C-EC99-5152-E0C1AF75185F}.Debug|Any CPU.ActiveCfg = Debug|Any CPU
		{BF4F7AB5-DF8C-EC99-5152-E0C1AF75185F}.Debug|Any CPU.Build.0 = Debug|Any CPU
		{BF4F7AB5-DF8C-EC99-5152-E0C1AF75185F}.Debug|x64.ActiveCfg = Debug|Any CPU
		{BF4F7AB5-DF8C-EC99-5152-E0C1AF75185F}.Debug|x64.Build.0 = Debug|Any CPU
		{BF4F7AB5-DF8C-EC99-5152-E0C1AF75185F}.Debug|x86.ActiveCfg = Debug|Any CPU
		{BF4F7AB5-DF8C-EC99-5152-E0C1AF75185F}.Debug|x86.Build.0 = Debug|Any CPU
		{BF4F7AB5-DF8C-EC99-5152-E0C1AF75185F}.Release|Any CPU.ActiveCfg = Release|Any CPU
		{BF4F7AB5-DF8C-EC99-5152-E0C1AF75185F}.Release|Any CPU.Build.0 = Release|Any CPU
		{BF4F7AB5-DF8C-EC99-5152-E0C1AF75185F}.Release|x64.ActiveCfg = Release|Any CPU
		{BF4F7AB5-DF8C-EC99-5152-E0C1AF75185F}.Release|x64.Build.0 = Release|Any CPU
		{BF4F7AB5-DF8C-EC99-5152-E0C1AF75185F}.Release|x86.ActiveCfg = Release|Any CPU
		{BF4F7AB5-DF8C-EC99-5152-E0C1AF75185F}.Release|x86.Build.0 = Release|Any CPU
		{47EB48B3-6E70-032E-0572-D6152C1758B9}.Debug|Any CPU.ActiveCfg = Debug|Any CPU
		{47EB48B3-6E70-032E-0572-D6152C1758B9}.Debug|Any CPU.Build.0 = Debug|Any CPU
		{47EB48B3-6E70-032E-0572-D6152C1758B9}.Debug|x64.ActiveCfg = Debug|Any CPU
		{47EB48B3-6E70-032E-0572-D6152C1758B9}.Debug|x64.Build.0 = Debug|Any CPU
		{47EB48B3-6E70-032E-0572-D6152C1758B9}.Debug|x86.ActiveCfg = Debug|Any CPU
		{47EB48B3-6E70-032E-0572-D6152C1758B9}.Debug|x86.Build.0 = Debug|Any CPU
		{47EB48B3-6E70-032E-0572-D6152C1758B9}.Release|Any CPU.ActiveCfg = Release|Any CPU
		{47EB48B3-6E70-032E-0572-D6152C1758B9}.Release|Any CPU.Build.0 = Release|Any CPU
		{47EB48B3-6E70-032E-0572-D6152C1758B9}.Release|x64.ActiveCfg = Release|Any CPU
		{47EB48B3-6E70-032E-0572-D6152C1758B9}.Release|x64.Build.0 = Release|Any CPU
		{47EB48B3-6E70-032E-0572-D6152C1758B9}.Release|x86.ActiveCfg = Release|Any CPU
		{47EB48B3-6E70-032E-0572-D6152C1758B9}.Release|x86.Build.0 = Release|Any CPU
		{43E2CC4A-0694-2990-D340-ECF93B4E06AB}.Debug|Any CPU.ActiveCfg = Debug|Any CPU
		{43E2CC4A-0694-2990-D340-ECF93B4E06AB}.Debug|Any CPU.Build.0 = Debug|Any CPU
		{43E2CC4A-0694-2990-D340-ECF93B4E06AB}.Debug|x64.ActiveCfg = Debug|Any CPU
		{43E2CC4A-0694-2990-D340-ECF93B4E06AB}.Debug|x64.Build.0 = Debug|Any CPU
		{43E2CC4A-0694-2990-D340-ECF93B4E06AB}.Debug|x86.ActiveCfg = Debug|Any CPU
		{43E2CC4A-0694-2990-D340-ECF93B4E06AB}.Debug|x86.Build.0 = Debug|Any CPU
		{43E2CC4A-0694-2990-D340-ECF93B4E06AB}.Release|Any CPU.ActiveCfg = Release|Any CPU
		{43E2CC4A-0694-2990-D340-ECF93B4E06AB}.Release|Any CPU.Build.0 = Release|Any CPU
		{43E2CC4A-0694-2990-D340-ECF93B4E06AB}.Release|x64.ActiveCfg = Release|Any CPU
		{43E2CC4A-0694-2990-D340-ECF93B4E06AB}.Release|x64.Build.0 = Release|Any CPU
		{43E2CC4A-0694-2990-D340-ECF93B4E06AB}.Release|x86.ActiveCfg = Release|Any CPU
		{43E2CC4A-0694-2990-D340-ECF93B4E06AB}.Release|x86.Build.0 = Release|Any CPU
		{66FB7F62-FF60-9793-DD30-07BDB0B2DE8D}.Debug|Any CPU.ActiveCfg = Debug|Any CPU
		{66FB7F62-FF60-9793-DD30-07BDB0B2DE8D}.Debug|Any CPU.Build.0 = Debug|Any CPU
		{66FB7F62-FF60-9793-DD30-07BDB0B2DE8D}.Debug|x64.ActiveCfg = Debug|Any CPU
		{66FB7F62-FF60-9793-DD30-07BDB0B2DE8D}.Debug|x64.Build.0 = Debug|Any CPU
		{66FB7F62-FF60-9793-DD30-07BDB0B2DE8D}.Debug|x86.ActiveCfg = Debug|Any CPU
		{66FB7F62-FF60-9793-DD30-07BDB0B2DE8D}.Debug|x86.Build.0 = Debug|Any CPU
		{66FB7F62-FF60-9793-DD30-07BDB0B2DE8D}.Release|Any CPU.ActiveCfg = Release|Any CPU
		{66FB7F62-FF60-9793-DD30-07BDB0B2DE8D}.Release|Any CPU.Build.0 = Release|Any CPU
		{66FB7F62-FF60-9793-DD30-07BDB0B2DE8D}.Release|x64.ActiveCfg = Release|Any CPU
		{66FB7F62-FF60-9793-DD30-07BDB0B2DE8D}.Release|x64.Build.0 = Release|Any CPU
		{66FB7F62-FF60-9793-DD30-07BDB0B2DE8D}.Release|x86.ActiveCfg = Release|Any CPU
		{66FB7F62-FF60-9793-DD30-07BDB0B2DE8D}.Release|x86.Build.0 = Release|Any CPU
		{450943A7-CDC2-C24D-236B-0C3E41FB6628}.Debug|Any CPU.ActiveCfg = Debug|Any CPU
		{450943A7-CDC2-C24D-236B-0C3E41FB6628}.Debug|Any CPU.Build.0 = Debug|Any CPU
		{450943A7-CDC2-C24D-236B-0C3E41FB6628}.Debug|x64.ActiveCfg = Debug|Any CPU
		{450943A7-CDC2-C24D-236B-0C3E41FB6628}.Debug|x64.Build.0 = Debug|Any CPU
		{450943A7-CDC2-C24D-236B-0C3E41FB6628}.Debug|x86.ActiveCfg = Debug|Any CPU
		{450943A7-CDC2-C24D-236B-0C3E41FB6628}.Debug|x86.Build.0 = Debug|Any CPU
		{450943A7-CDC2-C24D-236B-0C3E41FB6628}.Release|Any CPU.ActiveCfg = Release|Any CPU
		{450943A7-CDC2-C24D-236B-0C3E41FB6628}.Release|Any CPU.Build.0 = Release|Any CPU
		{450943A7-CDC2-C24D-236B-0C3E41FB6628}.Release|x64.ActiveCfg = Release|Any CPU
		{450943A7-CDC2-C24D-236B-0C3E41FB6628}.Release|x64.Build.0 = Release|Any CPU
		{450943A7-CDC2-C24D-236B-0C3E41FB6628}.Release|x86.ActiveCfg = Release|Any CPU
		{450943A7-CDC2-C24D-236B-0C3E41FB6628}.Release|x86.Build.0 = Release|Any CPU
		{0921CA2D-427C-0BA7-F0B3-2EAAFCA2AF9A}.Debug|Any CPU.ActiveCfg = Debug|Any CPU
		{0921CA2D-427C-0BA7-F0B3-2EAAFCA2AF9A}.Debug|Any CPU.Build.0 = Debug|Any CPU
		{0921CA2D-427C-0BA7-F0B3-2EAAFCA2AF9A}.Debug|x64.ActiveCfg = Debug|Any CPU
		{0921CA2D-427C-0BA7-F0B3-2EAAFCA2AF9A}.Debug|x64.Build.0 = Debug|Any CPU
		{0921CA2D-427C-0BA7-F0B3-2EAAFCA2AF9A}.Debug|x86.ActiveCfg = Debug|Any CPU
		{0921CA2D-427C-0BA7-F0B3-2EAAFCA2AF9A}.Debug|x86.Build.0 = Debug|Any CPU
		{0921CA2D-427C-0BA7-F0B3-2EAAFCA2AF9A}.Release|Any CPU.ActiveCfg = Release|Any CPU
		{0921CA2D-427C-0BA7-F0B3-2EAAFCA2AF9A}.Release|Any CPU.Build.0 = Release|Any CPU
		{0921CA2D-427C-0BA7-F0B3-2EAAFCA2AF9A}.Release|x64.ActiveCfg = Release|Any CPU
		{0921CA2D-427C-0BA7-F0B3-2EAAFCA2AF9A}.Release|x64.Build.0 = Release|Any CPU
		{0921CA2D-427C-0BA7-F0B3-2EAAFCA2AF9A}.Release|x86.ActiveCfg = Release|Any CPU
		{0921CA2D-427C-0BA7-F0B3-2EAAFCA2AF9A}.Release|x86.Build.0 = Release|Any CPU
		{2D26664E-9481-4150-A96A-9468C698F92F}.Debug|Any CPU.ActiveCfg = Debug|Any CPU
		{2D26664E-9481-4150-A96A-9468C698F92F}.Debug|Any CPU.Build.0 = Debug|Any CPU
		{2D26664E-9481-4150-A96A-9468C698F92F}.Debug|x64.ActiveCfg = Debug|Any CPU
		{2D26664E-9481-4150-A96A-9468C698F92F}.Debug|x64.Build.0 = Debug|Any CPU
		{2D26664E-9481-4150-A96A-9468C698F92F}.Debug|x86.ActiveCfg = Debug|Any CPU
		{2D26664E-9481-4150-A96A-9468C698F92F}.Debug|x86.Build.0 = Debug|Any CPU
		{2D26664E-9481-4150-A96A-9468C698F92F}.Release|Any CPU.ActiveCfg = Release|Any CPU
		{2D26664E-9481-4150-A96A-9468C698F92F}.Release|Any CPU.Build.0 = Release|Any CPU
		{2D26664E-9481-4150-A96A-9468C698F92F}.Release|x64.ActiveCfg = Release|Any CPU
		{2D26664E-9481-4150-A96A-9468C698F92F}.Release|x64.Build.0 = Release|Any CPU
		{2D26664E-9481-4150-A96A-9468C698F92F}.Release|x86.ActiveCfg = Release|Any CPU
		{2D26664E-9481-4150-A96A-9468C698F92F}.Release|x86.Build.0 = Release|Any CPU
		{8F912245-715F-4562-A853-0B991F3E977E}.Debug|Any CPU.ActiveCfg = Debug|Any CPU
		{8F912245-715F-4562-A853-0B991F3E977E}.Debug|Any CPU.Build.0 = Debug|Any CPU
		{8F912245-715F-4562-A853-0B991F3E977E}.Debug|x64.ActiveCfg = Debug|Any CPU
		{8F912245-715F-4562-A853-0B991F3E977E}.Debug|x64.Build.0 = Debug|Any CPU
		{8F912245-715F-4562-A853-0B991F3E977E}.Debug|x86.ActiveCfg = Debug|Any CPU
		{8F912245-715F-4562-A853-0B991F3E977E}.Debug|x86.Build.0 = Debug|Any CPU
		{8F912245-715F-4562-A853-0B991F3E977E}.Release|Any CPU.ActiveCfg = Release|Any CPU
		{8F912245-715F-4562-A853-0B991F3E977E}.Release|Any CPU.Build.0 = Release|Any CPU
		{8F912245-715F-4562-A853-0B991F3E977E}.Release|x64.ActiveCfg = Release|Any CPU
		{8F912245-715F-4562-A853-0B991F3E977E}.Release|x64.Build.0 = Release|Any CPU
		{8F912245-715F-4562-A853-0B991F3E977E}.Release|x86.ActiveCfg = Release|Any CPU
		{8F912245-715F-4562-A853-0B991F3E977E}.Release|x86.Build.0 = Release|Any CPU
	EndGlobalSection
	GlobalSection(SolutionProperties) = preSolution
		HideSolutionNode = FALSE
	EndGlobalSection
	GlobalSection(NestedProjects) = preSolution
		{0BC3A119-7D73-448F-AB6A-107ACA8D8E0D} = {45070021-6E66-4D3F-ACE3-E0AA5CDE03A8}
		{454CACE5-33E2-4B0F-B166-55D450328A9D} = {2ADF70E6-2F53-4923-931E-358B21E08C63}
		{4959DCBE-BBDA-4B66-8385-25409C1DA781} = {DD2856F0-9AE9-486F-9E0E-D4A0E7E964D9}
		{D68A444F-A41F-4396-A96F-A951943540B4} = {707982B8-DA09-4BA1-93E9-7ADD6467278C}
		{B3EF10F4-22B3-7F3D-D11B-231B74697AEA} = {DD2856F0-9AE9-486F-9E0E-D4A0E7E964D9}
		{B2E167A7-7576-4EF7-8BDA-0DC4EB60CE28} = {E0831017-D48F-4AAC-B040-989FD93C6A42}
		{33B8F00C-95CE-4A29-8A1B-0A1C44820C47} = {DD2856F0-9AE9-486F-9E0E-D4A0E7E964D9}
		{A59F3DFE-24BE-1CF0-B8A9-38EC3A0B64C9} = {DD2856F0-9AE9-486F-9E0E-D4A0E7E964D9}
		{BF18D98C-15CF-A59F-ECCC-0871E646FE63} = {02EA681E-C7D8-13C7-8484-4AC65E1B71E8}
		{206681C9-01FC-4AEF-1B14-922D83B3ECF4} = {02EA681E-C7D8-13C7-8484-4AC65E1B71E8}
		{BF4F7AB5-DF8C-EC99-5152-E0C1AF75185F} = {79E485FD-6C93-4864-A01D-F9D626C93597}
		{47EB48B3-6E70-032E-0572-D6152C1758B9} = {E0831017-D48F-4AAC-B040-989FD93C6A42}
		{43E2CC4A-0694-2990-D340-ECF93B4E06AB} = {E0831017-D48F-4AAC-B040-989FD93C6A42}
		{66FB7F62-FF60-9793-DD30-07BDB0B2DE8D} = {E0831017-D48F-4AAC-B040-989FD93C6A42}
		{450943A7-CDC2-C24D-236B-0C3E41FB6628} = {E0831017-D48F-4AAC-B040-989FD93C6A42}
		{0921CA2D-427C-0BA7-F0B3-2EAAFCA2AF9A} = {E0831017-D48F-4AAC-B040-989FD93C6A42}
		{2D26664E-9481-4150-A96A-9468C698F92F} = {02EA681E-C7D8-13C7-8484-4AC65E1B71E8}
		{8F912245-715F-4562-A853-0B991F3E977E} = {707982B8-DA09-4BA1-93E9-7ADD6467278C}
	EndGlobalSection
	GlobalSection(ExtensibilityGlobals) = postSolution
		SolutionGuid = {E10887EE-EE21-486C-84E9-AA20A9DC1146}
	EndGlobalSection
EndGlobal
